
Microsoft Visual Studio Solution File, Format Version 12.00
# Visual Studio Version 16
VisualStudioVersion = 16.0.30804.86
MinimumVisualStudioVersion = 10.0.40219.1
Project("{FAE04EC0-301F-11D3-BF4B-00C04F79EFBC}") = "DependencyInjectionSample", "DependencyInjectionSample\DependencyInjectionSample.csproj", "{DFB69158-BA95-4E6C-9C56-6405EFB3EDC4}"
EndProject
Global
	GlobalSection(SolutionConfigurationPlatforms) = preSolution
		Debug|Any CPU = Debug|Any CPU
		Release|Any CPU = Release|Any CPU
	EndGlobalSection
	GlobalSection(ProjectConfigurationPlatforms) = postSolution
		{DFB69158-BA95-4E6C-9C56-6405EFB3EDC4}.Debug|Any CPU.ActiveCfg = Debug|Any CPU
		{DFB69158-BA95-4E6C-9C56-6405EFB3EDC4}.Debug|Any CPU.Build.0 = Debug|Any CPU
		{DFB69158-BA95-4E6C-9C56-6405EFB3EDC4}.Release|Any CPU.ActiveCfg = Release|Any CPU
		{DFB69158-BA95-4E6C-9C56-6405EFB3EDC4}.Release|Any CPU.Build.0 = Release|Any CPU
	EndGlobalSection
	GlobalSection(SolutionProperties) = preSolution
		HideSolutionNode = FALSE
	EndGlobalSection
	GlobalSection(ExtensibilityGlobals) = postSolution
		SolutionGuid = {7A3C599B-2C83-41F2-B907-FE8555568E89}
	EndGlobalSection
EndGlobal
